
Microsoft Visual Studio Solution File, Format Version 12.00
# Visual Studio Version 17
VisualStudioVersion = 17.10.35122.118
MinimumVisualStudioVersion = 10.0.40219.1
Project("{FAE04EC0-301F-11D3-BF4B-00C04F79EFBC}") = "Bai1_HelloWord", "Bai1_HelloWord\Bai1_HelloWord.csproj", "{F086BD0D-4E32-475A-9B02-BEE2830C8B9E}"
EndProject
Global
	GlobalSection(SolutionConfigurationPlatforms) = preSolution
		Debug|Any CPU = Debug|Any CPU
		Release|Any CPU = Release|Any CPU
	EndGlobalSection
	GlobalSection(ProjectConfigurationPlatforms) = postSolution
		{F086BD0D-4E32-475A-9B02-BEE2830C8B9E}.Debug|Any CPU.ActiveCfg = Debug|Any CPU
		{F086BD0D-4E32-475A-9B02-BEE2830C8B9E}.Debug|Any CPU.Build.0 = Debug|Any CPU
		{F086BD0D-4E32-475A-9B02-BEE2830C8B9E}.Release|Any CPU.ActiveCfg = Release|Any CPU
		{F086BD0D-4E32-475A-9B02-BEE2830C8B9E}.Release|Any CPU.Build.0 = Release|Any CPU
	EndGlobalSection
	GlobalSection(SolutionProperties) = preSolution
		HideSolutionNode = FALSE
	EndGlobalSection
	GlobalSection(ExtensibilityGlobals) = postSolution
		SolutionGuid = {BCB9EF3D-95C3-471A-83CF-DBE82B588AD0}
	EndGlobalSection
EndGlobal
