
Microsoft Visual Studio Solution File, Format Version 12.00
# Visual Studio 2013
VisualStudioVersion = 12.0.21005.1
MinimumVisualStudioVersion = 10.0.40219.1
Project("{FAE04EC0-301F-11D3-BF4B-00C04F79EFBC}") = "ktlaptrinhweb_42_2033216401", "ktlaptrinhweb_42_2033216401\ktlaptrinhweb_42_2033216401.csproj", "{CDC623E4-71B7-4D01-BDE3-0889311614CA}"
EndProject
Global
	GlobalSection(SolutionConfigurationPlatforms) = preSolution
		Debug|Any CPU = Debug|Any CPU
		Release|Any CPU = Release|Any CPU
	EndGlobalSection
	GlobalSection(ProjectConfigurationPlatforms) = postSolution
		{CDC623E4-71B7-4D01-BDE3-0889311614CA}.Debug|Any CPU.ActiveCfg = Debug|Any CPU
		{CDC623E4-71B7-4D01-BDE3-0889311614CA}.Debug|Any CPU.Build.0 = Debug|Any CPU
		{CDC623E4-71B7-4D01-BDE3-0889311614CA}.Release|Any CPU.ActiveCfg = Release|Any CPU
		{CDC623E4-71B7-4D01-BDE3-0889311614CA}.Release|Any CPU.Build.0 = Release|Any CPU
	EndGlobalSection
	GlobalSection(SolutionProperties) = preSolution
		HideSolutionNode = FALSE
	EndGlobalSection
EndGlobal
